
Microsoft Visual Studio Solution File, Format Version 12.00
# Visual Studio Version 16
VisualStudioVersion = 16.0.31424.327
MinimumVisualStudioVersion = 10.0.40219.1
Project("{FAE04EC0-301F-11D3-BF4B-00C04F79EFBC}") = "cleanBudget", "cleanBudget\cleanBudget.csproj", "{DC53C1D4-9918-4130-BCD0-060C8E74C117}"
EndProject
Global
	GlobalSection(SolutionConfigurationPlatforms) = preSolution
		Debug|Any CPU = Debug|Any CPU
		Release|Any CPU = Release|Any CPU
	EndGlobalSection
	GlobalSection(ProjectConfigurationPlatforms) = postSolution
		{DC53C1D4-9918-4130-BCD0-060C8E74C117}.Debug|Any CPU.ActiveCfg = Debug|Any CPU
		{DC53C1D4-9918-4130-BCD0-060C8E74C117}.Debug|Any CPU.Build.0 = Debug|Any CPU
		{DC53C1D4-9918-4130-BCD0-060C8E74C117}.Release|Any CPU.ActiveCfg = Release|Any CPU
		{DC53C1D4-9918-4130-BCD0-060C8E74C117}.Release|Any CPU.Build.0 = Release|Any CPU
	EndGlobalSection
	GlobalSection(SolutionProperties) = preSolution
		HideSolutionNode = FALSE
	EndGlobalSection
	GlobalSection(ExtensibilityGlobals) = postSolution
		SolutionGuid = {D789727B-B341-4F3C-9DCC-9EBE12D29CA2}
	EndGlobalSection
EndGlobal
